
Microsoft Visual Studio Solution File, Format Version 12.00
# Visual Studio Version 17
VisualStudioVersion = 17.1.32210.238
MinimumVisualStudioVersion = 10.0.40219.1
Project("{F184B08F-C81C-45F6-A57F-5ABD9991F28F}") = "ExercisesBasic", "ExercisesBasic.vbproj", "{9FEE53EB-B7EC-43EA-9B60-7226AC388677}"
EndProject
Global
	GlobalSection(SolutionConfigurationPlatforms) = preSolution
		Debug|Any CPU = Debug|Any CPU
		Release|Any CPU = Release|Any CPU
	EndGlobalSection
	GlobalSection(ProjectConfigurationPlatforms) = postSolution
		{9FEE53EB-B7EC-43EA-9B60-7226AC388677}.Debug|Any CPU.ActiveCfg = Debug|Any CPU
		{9FEE53EB-B7EC-43EA-9B60-7226AC388677}.Debug|Any CPU.Build.0 = Debug|Any CPU
		{9FEE53EB-B7EC-43EA-9B60-7226AC388677}.Release|Any CPU.ActiveCfg = Release|Any CPU
		{9FEE53EB-B7EC-43EA-9B60-7226AC388677}.Release|Any CPU.Build.0 = Release|Any CPU
	EndGlobalSection
	GlobalSection(SolutionProperties) = preSolution
		HideSolutionNode = FALSE
	EndGlobalSection
	GlobalSection(ExtensibilityGlobals) = postSolution
		SolutionGuid = {D19C0896-E2B3-40F6-85A5-B03D1B7EC50E}
	EndGlobalSection
EndGlobal
